Microsoft Visual Studio Solution File, Format Version 12.00
# Visual Studio Version 17
VisualStudioVersion = 17.5.2.0
MinimumVisualStudioVersion = 10.0.40219.1
Project("{FAE04EC0-301F-11D3-BF4B-00C04F79EFBC}") = "BibliotecaNormal", "BibliotecaNormal\BibliotecaNormal.csproj", "{A3F1FF42-514E-0760-9B0F-132CF3EBFB5A}"
EndProject
Global
	GlobalSection(SolutionConfigurationPlatforms) = preSolution
		Debug|Any CPU = Debug|Any CPU
		Release|Any CPU = Release|Any CPU
	EndGlobalSection
	GlobalSection(ProjectConfigurationPlatforms) = postSolution
		{A3F1FF42-514E-0760-9B0F-132CF3EBFB5A}.Debug|Any CPU.ActiveCfg = Debug|Any CPU
		{A3F1FF42-514E-0760-9B0F-132CF3EBFB5A}.Debug|Any CPU.Build.0 = Debug|Any CPU
		{A3F1FF42-514E-0760-9B0F-132CF3EBFB5A}.Release|Any CPU.ActiveCfg = Release|Any CPU
		{A3F1FF42-514E-0760-9B0F-132CF3EBFB5A}.Release|Any CPU.Build.0 = Release|Any CPU
	EndGlobalSection
	GlobalSection(SolutionProperties) = preSolution
		HideSolutionNode = FALSE
	EndGlobalSection
	GlobalSection(ExtensibilityGlobals) = postSolution
		SolutionGuid = {F1C1E1F1-39CD-4602-876C-87048FAD8992}
	EndGlobalSection
EndGlobal
